
Microsoft Visual Studio Solution File, Format Version 12.00
# Visual Studio Version 17
VisualStudioVersion = 17.0.31903.59
MinimumVisualStudioVersion = 10.0.40219.1
Project("{FAE04EC0-301F-11D3-BF4B-00C04F79EFBC}") = "API", "API\API.csproj", "{3439DD21-01EE-448B-9287-196F9474AC0D}"
EndProject
Project("{FAE04EC0-301F-11D3-BF4B-00C04F79EFBC}") = "Application", "Application\Application.csproj", "{83230A34-4121-4A9D-B6DA-5C4BC043B242}"
EndProject
Project("{FAE04EC0-301F-11D3-BF4B-00C04F79EFBC}") = "Domain", "Domain\Domain.csproj", "{77D2B9EA-4FEA-42AB-9200-A7D94E586B39}"
EndProject
Project("{FAE04EC0-301F-11D3-BF4B-00C04F79EFBC}") = "Persistence", "Persistence\Persistence.csproj", "{E6179ADD-9121-4EC9-8C82-1BF047C8E24A}"
EndProject
Project("{FAE04EC0-301F-11D3-BF4B-00C04F79EFBC}") = "Infrastructure", "Infrastructure\Infrastructure.csproj", "{E8984465-18CC-4C61-880C-1C42F3A465B6}"
EndProject
Global
	GlobalSection(SolutionConfigurationPlatforms) = preSolution
		Debug|Any CPU = Debug|Any CPU
		Release|Any CPU = Release|Any CPU
	EndGlobalSection
	GlobalSection(SolutionProperties) = preSolution
		HideSolutionNode = FALSE
	EndGlobalSection
	GlobalSection(ProjectConfigurationPlatforms) = postSolution
		{3439DD21-01EE-448B-9287-196F9474AC0D}.Debug|Any CPU.ActiveCfg = Debug|Any CPU
		{3439DD21-01EE-448B-9287-196F9474AC0D}.Debug|Any CPU.Build.0 = Debug|Any CPU
		{3439DD21-01EE-448B-9287-196F9474AC0D}.Release|Any CPU.ActiveCfg = Release|Any CPU
		{3439DD21-01EE-448B-9287-196F9474AC0D}.Release|Any CPU.Build.0 = Release|Any CPU
		{83230A34-4121-4A9D-B6DA-5C4BC043B242}.Debug|Any CPU.ActiveCfg = Debug|Any CPU
		{83230A34-4121-4A9D-B6DA-5C4BC043B242}.Debug|Any CPU.Build.0 = Debug|Any CPU
		{83230A34-4121-4A9D-B6DA-5C4BC043B242}.Release|Any CPU.ActiveCfg = Release|Any CPU
		{83230A34-4121-4A9D-B6DA-5C4BC043B242}.Release|Any CPU.Build.0 = Release|Any CPU
		{77D2B9EA-4FEA-42AB-9200-A7D94E586B39}.Debug|Any CPU.ActiveCfg = Debug|Any CPU
		{77D2B9EA-4FEA-42AB-9200-A7D94E586B39}.Debug|Any CPU.Build.0 = Debug|Any CPU
		{77D2B9EA-4FEA-42AB-9200-A7D94E586B39}.Release|Any CPU.ActiveCfg = Release|Any CPU
		{77D2B9EA-4FEA-42AB-9200-A7D94E586B39}.Release|Any CPU.Build.0 = Release|Any CPU
		{E6179ADD-9121-4EC9-8C82-1BF047C8E24A}.Debug|Any CPU.ActiveCfg = Debug|Any CPU
		{E6179ADD-9121-4EC9-8C82-1BF047C8E24A}.Debug|Any CPU.Build.0 = Debug|Any CPU
		{E6179ADD-9121-4EC9-8C82-1BF047C8E24A}.Release|Any CPU.ActiveCfg = Release|Any CPU
		{E6179ADD-9121-4EC9-8C82-1BF047C8E24A}.Release|Any CPU.Build.0 = Release|Any CPU
		{E8984465-18CC-4C61-880C-1C42F3A465B6}.Debug|Any CPU.ActiveCfg = Debug|Any CPU
		{E8984465-18CC-4C61-880C-1C42F3A465B6}.Debug|Any CPU.Build.0 = Debug|Any CPU
		{E8984465-18CC-4C61-880C-1C42F3A465B6}.Release|Any CPU.ActiveCfg = Release|Any CPU
		{E8984465-18CC-4C61-880C-1C42F3A465B6}.Release|Any CPU.Build.0 = Release|Any CPU
	EndGlobalSection
EndGlobal
